
Microsoft Visual Studio Solution File, Format Version 12.00
# Visual Studio Version 17
VisualStudioVersion = 17.8.34316.72
MinimumVisualStudioVersion = 10.0.40219.1
Project("{FAE04EC0-301F-11D3-BF4B-00C04F79EFBC}") = "BlazorBir", "BlazorBir\BlazorBir.csproj", "{FCBAF6DD-CA94-4BAD-82DE-6174F20BC1DC}"
EndProject
Global
	GlobalSection(SolutionConfigurationPlatforms) = preSolution
		Debug|Any CPU = Debug|Any CPU
		Release|Any CPU = Release|Any CPU
	EndGlobalSection
	GlobalSection(ProjectConfigurationPlatforms) = postSolution
		{FCBAF6DD-CA94-4BAD-82DE-6174F20BC1DC}.Debug|Any CPU.ActiveCfg = Debug|Any CPU
		{FCBAF6DD-CA94-4BAD-82DE-6174F20BC1DC}.Debug|Any CPU.Build.0 = Debug|Any CPU
		{FCBAF6DD-CA94-4BAD-82DE-6174F20BC1DC}.Release|Any CPU.ActiveCfg = Release|Any CPU
		{FCBAF6DD-CA94-4BAD-82DE-6174F20BC1DC}.Release|Any CPU.Build.0 = Release|Any CPU
	EndGlobalSection
	GlobalSection(SolutionProperties) = preSolution
		HideSolutionNode = FALSE
	EndGlobalSection
	GlobalSection(ExtensibilityGlobals) = postSolution
		SolutionGuid = {4273B6DA-A725-46A6-BC2F-A64C78668DD8}
	EndGlobalSection
EndGlobal
